
Microsoft Visual Studio Solution File, Format Version 12.00
# Visual Studio Version 17
VisualStudioVersion = 17.1.32210.238
MinimumVisualStudioVersion = 10.0.40219.1
Project("{FAE04EC0-301F-11D3-BF4B-00C04F79EFBC}") = "producer", "producer.csproj", "{7AA57AF6-EF3E-46B5-BE81-179232A64C8C}"
EndProject
Global
	GlobalSection(SolutionConfigurationPlatforms) = preSolution
		Debug|Any CPU = Debug|Any CPU
		Release|Any CPU = Release|Any CPU
	EndGlobalSection
	GlobalSection(ProjectConfigurationPlatforms) = postSolution
		{7AA57AF6-EF3E-46B5-BE81-179232A64C8C}.Debug|Any CPU.ActiveCfg = Debug|Any CPU
		{7AA57AF6-EF3E-46B5-BE81-179232A64C8C}.Debug|Any CPU.Build.0 = Debug|Any CPU
		{7AA57AF6-EF3E-46B5-BE81-179232A64C8C}.Release|Any CPU.ActiveCfg = Release|Any CPU
		{7AA57AF6-EF3E-46B5-BE81-179232A64C8C}.Release|Any CPU.Build.0 = Release|Any CPU
	EndGlobalSection
	GlobalSection(SolutionProperties) = preSolution
		HideSolutionNode = FALSE
	EndGlobalSection
	GlobalSection(ExtensibilityGlobals) = postSolution
		SolutionGuid = {BC7113A1-FA76-4798-B133-976DA9638CFA}
	EndGlobalSection
EndGlobal
